// !$*UTF8*$!
{
	archiveVersion = 1;
	classes = {
	};
	objectVersion = 50;
	objects = {

/* Begin PBXBuildFile section */
		F4CFE4012468480900026677 /* AppDelegate.swift in Sources */ = {isa = PBXBuildFile; fileRef = F4CFE4002468480900026677 /* AppDelegate.swift */; };
		F4CFE4032468480900026677 /* SceneDelegate.swift in Sources */ = {isa = PBXBuildFile; fileRef = F4CFE4022468480900026677 /* SceneDelegate.swift */; };
		F4CFE4052468480900026677 /* IntroductionViewController.swift in Sources */ = {isa = PBXBuildFile; fileRef = F4CFE4042468480900026677 /* IntroductionViewController.swift */; };
		F4CFE4082468480900026677 /* Main.storyboard in Resources */ = {isa = PBXBuildFile; fileRef = F4CFE4062468480900026677 /* Main.storyboard */; };
		F4CFE40A2468480D00026677 /* Assets.xcassets in Resources */ = {isa = PBXBuildFile; fileRef = F4CFE4092468480D00026677 /* Assets.xcassets */; };
		F4CFE40D2468480D00026677 /* LaunchScreen.storyboard in Resources */ = {isa = PBXBuildFile; fileRef = F4CFE40B2468480D00026677 /* LaunchScreen.storyboard */; };
		F4CFE4182468480D00026677 /* PersonalityQuizTests.swift in Sources */ = {isa = PBXBuildFile; fileRef = F4CFE4172468480D00026677 /* PersonalityQuizTests.swift */; };
		F4CFE4232468480D00026677 /* PersonalityQuizUITests.swift in Sources */ = {isa = PBXBuildFile; fileRef = F4CFE4222468480D00026677 /* PersonalityQuizUITests.swift */; };
		F4CFE43124688B9900026677 /* QuestionViewController.swift in Sources */ = {isa = PBXBuildFile; fileRef = F4CFE43024688B9900026677 /* QuestionViewController.swift */; };
		F4CFE43324688BC900026677 /* ResultsViewController.swift in Sources */ = {isa = PBXBuildFile; fileRef = F4CFE43224688BC900026677 /* ResultsViewController.swift */; };
		F4CFE4352468932F00026677 /* QuestionData.swift in Sources */ = {isa = PBXBuildFile; fileRef = F4CFE4342468932F00026677 /* QuestionData.swift */; };
/* End PBXBuildFile section */

/* Begin PBXContainerItemProxy section */
		F4CFE4142468480D00026677 /* PBXContainerItemProxy */ = {
			isa = PBXContainerItemProxy;
			containerPortal = F4CFE3F52468480900026677 /* Project object */;
			proxyType = 1;
			remoteGlobalIDString = F4CFE3FC2468480900026677;
			remoteInfo = PersonalityQuiz;
		};
		F4CFE41F2468480D00026677 /* PBXContainerItemProxy */ = {
			isa = PBXContainerItemProxy;
			containerPortal = F4CFE3F52468480900026677 /* Project object */;
			proxyType = 1;
			remoteGlobalIDString = F4CFE3FC2468480900026677;
			remoteInfo = PersonalityQuiz;
		};
/* End PBXContainerItemProxy section */

/* Begin PBXFileReference section */
		F4CFE3FD2468480900026677 /* PersonalityQuiz.app */ = {isa = PBXFileReference; explicitFileType = wrapper.application; includeInIndex = 0; path = PersonalityQuiz.app; sourceTree = BUILT_PRODUCTS_DIR; };
		F4CFE4002468480900026677 /* AppDelegate.swift */ = {isa = PBXFileReference; lastKnownFileType = sourcecode.swift; path = AppDelegate.swift; sourceTree = "<group>"; };
		F4CFE4022468480900026677 /* SceneDelegate.swift */ = {isa = PBXFileReference; lastKnownFileType = sourcecode.swift; path = SceneDelegate.swift; sourceTree = "<group>"; };
		F4CFE4042468480900026677 /* IntroductionViewController.swift */ = {isa = PBXFileReference; lastKnownFileType = sourcecode.swift; path = IntroductionViewController.swift; sourceTree = "<group>"; };
		F4CFE4072468480900026677 /* Base */ = {isa = PBXFileReference; lastKnownFileType = file.storyboard; name = Base; path = Base.lproj/Main.storyboard; sourceTree = "<group>"; };
		F4CFE4092468480D00026677 /* Assets.xcassets */ = {isa = PBXFileReference; lastKnownFileType = folder.assetcatalog; path = Assets.xcassets; sourceTree = "<group>"; };
		F4CFE40C2468480D00026677 /* Base */ = {isa = PBXFileReference; lastKnownFileType = file.storyboard; name = Base; path = Base.lproj/LaunchScreen.storyboard; sourceTree = "<group>"; };
		F4CFE40E2468480D00026677 /* Info.plist */ = {isa = PBXFileReference; lastKnownFileType = text.plist.xml; path = Info.plist; sourceTree = "<group>"; };
		F4CFE4132468480D00026677 /* PersonalityQuizTests.xctest */ = {isa = PBXFileReference; explicitFileType = wrapper.cfbundle; includeInIndex = 0; path = PersonalityQuizTests.xctest; sourceTree = BUILT_PRODUCTS_DIR; };
		F4CFE4172468480D00026677 /* PersonalityQuizTests.swift */ = {isa = PBXFileReference; lastKnownFileType = sourcecode.swift; path = PersonalityQuizTests.swift; sourceTree = "<group>"; };
		F4CFE4192468480D00026677 /* Info.plist */ = {isa = PBXFileReference; lastKnownFileType = text.plist.xml; path = Info.plist; sourceTree = "<group>"; };
		F4CFE41E2468480D00026677 /* PersonalityQuizUITests.xctest */ = {isa = PBXFileReference; explicitFileType = wrapper.cfbundle; includeInIndex = 0; path = PersonalityQuizUITests.xctest; sourceTree = BUILT_PRODUCTS_DIR; };
		F4CFE4222468480D00026677 /* PersonalityQuizUITests.swift */ = {isa = PBXFileReference; lastKnownFileType = sourcecode.swift; path = PersonalityQuizUITests.swift; sourceTree = "<group>"; };
		F4CFE4242468480D00026677 /* Info.plist */ = {isa = PBXFileReference; lastKnownFileType = text.plist.xml; path = Info.plist; sourceTree = "<group>"; };
		F4CFE43024688B9900026677 /* QuestionViewController.swift */ = {isa = PBXFileReference; lastKnownFileType = sourcecode.swift; path = QuestionViewController.swift; sourceTree = "<group>"; };
		F4CFE43224688BC900026677 /* ResultsViewController.swift */ = {isa = PBXFileReference; lastKnownFileType = sourcecode.swift; path = ResultsViewController.swift; sourceTree = "<group>"; };
		F4CFE4342468932F00026677 /* QuestionData.swift */ = {isa = PBXFileReference; lastKnownFileType = sourcecode.swift; path = QuestionData.swift; sourceTree = "<group>"; };
/* End PBXFileReference section */

/* Begin PBXFrameworksBuildPhase section */
		F4CFE3FA2468480900026677 /* Frameworks */ = {
			isa = PBXFrameworksBuildPhase;
			buildActionMask = 2147483647;
			files = (
			);
			runOnlyForDeploymentPostprocessing = 0;
		};
		F4CFE4102468480D00026677 /* Frameworks */ = {
			isa = PBXFrameworksBuildPhase;
			buildActionMask = 2147483647;
			files = (
			);
			runOnlyForDeploymentPostprocessing = 0;
		};
		F4CFE41B2468480D00026677 /* Frameworks */ = {
			isa = PBXFrameworksBuildPhase;
			buildActionMask = 2147483647;
			files = (
			);
			runOnlyForDeploymentPostprocessing = 0;
		};
/* End PBXFrameworksBuildPhase section */

/* Begin PBXGroup section */
		F4CFE3F42468480900026677 = {
			isa = PBXGroup;
			children = (
				F4CFE3FF2468480900026677 /* PersonalityQuiz */,
				F4CFE4162468480D00026677 /* PersonalityQuizTests */,
				F4CFE4212468480D00026677 /* PersonalityQuizUITests */,
				F4CFE3FE2468480900026677 /* Products */,
			);
			sourceTree = "<group>";
		};
		F4CFE3FE2468480900026677 /* Products */ = {
			isa = PBXGroup;
			children = (
				F4CFE3FD2468480900026677 /* PersonalityQuiz.app */,
				F4CFE4132468480D00026677 /* PersonalityQuizTests.xctest */,
				F4CFE41E2468480D00026677 /* PersonalityQuizUITests.xctest */,
			);
			name = Products;
			sourceTree = "<group>";
		};
		F4CFE3FF2468480900026677 /* PersonalityQuiz */ = {
			isa = PBXGroup;
			children = (
				F4CFE4002468480900026677 /* AppDelegate.swift */,
				F4CFE4022468480900026677 /* SceneDelegate.swift */,
				F4CFE4042468480900026677 /* IntroductionViewController.swift */,
				F4CFE4062468480900026677 /* Main.storyboard */,
				F4CFE4342468932F00026677 /* QuestionData.swift */,
				F4CFE43024688B9900026677 /* QuestionViewController.swift */,
				F4CFE43224688BC900026677 /* ResultsViewController.swift */,
				F4CFE4092468480D00026677 /* Assets.xcassets */,
				F4CFE40B2468480D00026677 /* LaunchScreen.storyboard */,
				F4CFE40E2468480D00026677 /* Info.plist */,
			);
			path = PersonalityQuiz;
			sourceTree = "<group>";
		};
		F4CFE4162468480D00026677 /* PersonalityQuizTests */ = {
			isa = PBXGroup;
			children = (
				F4CFE4172468480D00026677 /* PersonalityQuizTests.swift */,
				F4CFE4192468480D00026677 /* Info.plist */,
			);
			path = PersonalityQuizTests;
			sourceTree = "<group>";
		};
		F4CFE4212468480D00026677 /* PersonalityQuizUITests */ = {
			isa = PBXGroup;
			children = (
				F4CFE4222468480D00026677 /* PersonalityQuizUITests.swift */,
				F4CFE4242468480D00026677 /* Info.plist */,
			);
			path = PersonalityQuizUITests;
			sourceTree = "<group>";
		};
/* End PBXGroup section */

/* Begin PBXNativeTarget section */
		F4CFE3FC2468480900026677 /* PersonalityQuiz */ = {
			isa = PBXNativeTarget;
			buildConfigurationList = F4CFE4272468480D00026677 /* Build configuration list for PBXNativeTarget "PersonalityQuiz" */;
			buildPhases = (
				F4CFE3F92468480900026677 /* Sources */,
				F4CFE3FA2468480900026677 /* Frameworks */,
				F4CFE3FB2468480900026677 /* Resources */,
			);
			buildRules = (
			);
			dependencies = (
			);
			name = PersonalityQuiz;
			productName = PersonalityQuiz;
			productReference = F4CFE3FD2468480900026677 /* PersonalityQuiz.app */;
			productType = "com.apple.product-type.application";
		};
		F4CFE4122468480D00026677 /* PersonalityQuizTests */ = {
			isa = PBXNativeTarget;
			buildConfigurationList = F4CFE42A2468480D00026677 /* Build configuration list for PBXNativeTarget "PersonalityQuizTests" */;
			buildPhases = (
				F4CFE40F2468480D00026677 /* Sources */,
				F4CFE4102468480D00026677 /* Frameworks */,
				F4CFE4112468480D00026677 /* Resources */,
			);
			buildRules = (
			);
			dependencies = (
				F4CFE4152468480D00026677 /* PBXTargetDependency */,
			);
			name = PersonalityQuizTests;
			productName = PersonalityQuizTests;
			productReference = F4CFE4132468480D00026677 /* PersonalityQuizTests.xctest */;
			productType = "com.apple.product-type.bundle.unit-test";
		};
		F4CFE41D2468480D00026677 /* PersonalityQuizUITests */ = {
			isa = PBXNativeTarget;
			buildConfigurationList = F4CFE42D2468480D00026677 /* Build configuration list for PBXNativeTarget "PersonalityQuizUITests" */;
			buildPhases = (
				F4CFE41A2468480D00026677 /* Sources */,
				F4CFE41B2468480D00026677 /* Frameworks */,
				F4CFE41C2468480D00026677 /* Resources */,
			);
			buildRules = (
			);
			dependencies = (
				F4CFE4202468480D00026677 /* PBXTargetDependency */,
			);
			name = PersonalityQuizUITests;
			productName = PersonalityQuizUITests;
			productReference = F4CFE41E2468480D00026677 /* PersonalityQuizUITests.xctest */;
			productType = "com.apple.product-type.bundle.ui-testing";
		};
/* End PBXNativeTarget section */

/* Begin PBXProject section */
		F4CFE3F52468480900026677 /* Project object */ = {
			isa = PBXProject;
			attributes = {
				LastSwiftUpdateCheck = 1130;
				LastUpgradeCheck = 1130;
				ORGANIZATIONNAME = "Vidisha Nevatia";
				TargetAttributes = {
					F4CFE3FC2468480900026677 = {
						CreatedOnToolsVersion = 11.3.1;
					};
					F4CFE4122468480D00026677 = {
						CreatedOnToolsVersion = 11.3.1;
						TestTargetID = F4CFE3FC2468480900026677;
					};
					F4CFE41D2468480D00026677 = {
						CreatedOnToolsVersion = 11.3.1;
						TestTargetID = F4CFE3FC2468480900026677;
					};
				};
			};
			buildConfigurationList = F4CFE3F82468480900026677 /* Build configuration list for PBXProject "PersonalityQuiz" */;
			compatibilityVersion = "Xcode 9.3";
			developmentRegion = en;
			hasScannedForEncodings = 0;
			knownRegions = (
				en,
				Base,
			);
			mainGroup = F4CFE3F42468480900026677;
			productRefGroup = F4CFE3FE2468480900026677 /* Products */;
			projectDirPath = "";
			projectRoot = "";
			targets = (
				F4CFE3FC2468480900026677 /* PersonalityQuiz */,
				F4CFE4122468480D00026677 /* PersonalityQuizTests */,
				F4CFE41D2468480D00026677 /* PersonalityQuizUITests */,
			);
		};
/* End PBXProject section */

/* Begin PBXResourcesBuildPhase section */
		F4CFE3FB2468480900026677 /* Resources */ = {
			isa = PBXResourcesBuildPhase;
			buildActionMask = 2147483647;
			files = (
				F4CFE40D2468480D00026677 /* LaunchScreen.storyboard in Resources */,
				F4CFE40A2468480D00026677 /* Assets.xcassets in Resources */,
				F4CFE4082468480900026677 /* Main.storyboard in Resources */,
			);
			runOnlyForDeploymentPostprocessing = 0;
		};
		F4CFE4112468480D00026677 /* Resources */ = {
			isa = PBXResourcesBuildPhase;
			buildActionMask = 2147483647;
			files = (
			);
			runOnlyForDeploymentPostprocessing = 0;
		};
		F4CFE41C2468480D00026677 /* Resources */ = {
			isa = PBXResourcesBuildPhase;
			buildActionMask = 2147483647;
			files = (
			);
			runOnlyForDeploymentPostprocessing = 0;
		};
/* End PBXResourcesBuildPhase section */

/* Begin PBXSourcesBuildPhase section */
		F4CFE3F92468480900026677 /* Sources */ = {
			isa = PBXSourcesBuildPhase;
			buildActionMask = 2147483647;
			files = (
				F4CFE4052468480900026677 /* IntroductionViewController.swift in Sources */,
				F4CFE4012468480900026677 /* AppDelegate.swift in Sources */,
				F4CFE43124688B9900026677 /* QuestionViewController.swift in Sources */,
				F4CFE4352468932F00026677 /* QuestionData.swift in Sources */,
				F4CFE43324688BC900026677 /* ResultsViewController.swift in Sources */,
				F4CFE4032468480900026677 /* SceneDelegate.swift in Sources */,
			);
			runOnlyForDeploymentPostprocessing = 0;
		};
		F4CFE40F2468480D00026677 /* Sources */ = {
			isa = PBXSourcesBuildPhase;
			buildActionMask = 2147483647;
			files = (
				F4CFE4182468480D00026677 /* PersonalityQuizTests.swift in Sources */,
			);
			runOnlyForDeploymentPostprocessing = 0;
		};
		F4CFE41A2468480D00026677 /* Sources */ = {
			isa = PBXSourcesBuildPhase;
			buildActionMask = 2147483647;
			files = (
				F4CFE4232468480D00026677 /* PersonalityQuizUITests.swift in Sources */,
			);
			runOnlyForDeploymentPostprocessing = 0;
		};
/* End PBXSourcesBuildPhase section */

/* Begin PBXTargetDependency section */
		F4CFE4152468480D00026677 /* PBXTargetDependency */ = {
			isa = PBXTargetDependency;
			target = F4CFE3FC2468480900026677 /* PersonalityQuiz */;
			targetProxy = F4CFE4142468480D00026677 /* PBXContainerItemProxy */;
		};
		F4CFE4202468480D00026677 /* PBXTargetDependency */ = {
			isa = PBXTargetDependency;
			target = F4CFE3FC2468480900026677 /* PersonalityQuiz */;
			targetProxy = F4CFE41F2468480D00026677 /* PBXContainerItemProxy */;
		};
/* End PBXTargetDependency section */

/* Begin PBXVariantGroup section */
		F4CFE4062468480900026677 /* Main.storyboard */ = {
			isa = PBXVariantGroup;
			children = (
				F4CFE4072468480900026677 /* Base */,
			);
			name = Main.storyboard;
			sourceTree = "<group>";
		};
		F4CFE40B2468480D00026677 /* LaunchScreen.storyboard */ = {
			isa = PBXVariantGroup;
			children = (
				F4CFE40C2468480D00026677 /* Base */,
			);
			name = LaunchScreen.storyboard;
			sourceTree = "<group>";
		};
/* End PBXVariantGroup section */

/* Begin XCBuildConfiguration section */
		F4CFE4252468480D00026677 /* Debug */ = {
			isa = XCBuildConfiguration;
			buildSettings = {
				ALWAYS_SEARCH_USER_PATHS = NO;
				CLANG_ANALYZER_NONNULL = YES;
				CLANG_ANALYZER_NUMBER_OBJECT_CONVERSION = YES_AGGRESSIVE;
				CLANG_CXX_LANGUAGE_STANDARD = "gnu++14";
				CLANG_CXX_LIBRARY = "libc++";
				CLANG_ENABLE_MODULES = YES;
				CLANG_ENABLE_OBJC_ARC = YES;
				CLANG_ENABLE_OBJC_WEAK = YES;
				CLANG_WARN_BLOCK_CAPTURE_AUTORELEASING = YES;
				CLANG_WARN_BOOL_CONVERSION = YES;
				CLANG_WARN_COMMA = YES;
				CLANG_WARN_CONSTANT_CONVERSION = YES;
				CLANG_WARN_DEPRECATED_OBJC_IMPLEMENTATIONS = YES;
				CLANG_WARN_DIRECT_OBJC_ISA_USAGE = YES_ERROR;
				CLANG_WARN_DOCUMENTATION_COMMENTS = YES;
				CLANG_WARN_EMPTY_BODY = YES;
				CLANG_WARN_ENUM_CONVERSION = YES;
				CLANG_WARN_INFINITE_RECURSION = YES;
				CLANG_WARN_INT_CONVERSION = YES;
				CLANG_WARN_NON_LITERAL_NULL_CONVERSION = YES;
				CLANG_WARN_OBJC_IMPLICIT_RETAIN_SELF = YES;
				CLANG_WARN_OBJC_LITERAL_CONVERSION = YES;
				CLANG_WARN_OBJC_ROOT_CLASS = YES_ERROR;
				CLANG_WARN_RANGE_LOOP_ANALYSIS = YES;
				CLANG_WARN_STRICT_PROTOTYPES = YES;
				CLANG_WARN_SUSPICIOUS_MOVE = YES;
				CLANG_WARN_UNGUARDED_AVAILABILITY = YES_AGGRESSIVE;
				CLANG_WARN_UNREACHABLE_CODE = YES;
				CLANG_WARN__DUPLICATE_METHOD_MATCH = YES;
				COPY_PHASE_STRIP = NO;
				DEBUG_INFORMATION_FORMAT = dwarf;
				ENABLE_STRICT_OBJC_MSGSEND = YES;
				ENABLE_TESTABILITY = YES;
				GCC_C_LANGUAGE_STANDARD = gnu11;
				GCC_DYNAMIC_NO_PIC = NO;
				GCC_NO_COMMON_BLOCKS = YES;
				GCC_OPTIMIZATION_LEVEL = 0;
				GCC_PREPROCESSOR_DEFINITIONS = (
					"DEBUG=1",
					"$(inherited)",
				);
				GCC_WARN_64_TO_32_BIT_CONVERSION = YES;
				GCC_WARN_ABOUT_RETURN_TYPE = YES_ERROR;
				GCC_WARN_UNDECLARED_SELECTOR = YES;
				GCC_WARN_UNINITIALIZED_AUTOS = YES_AGGRESSIVE;
				GCC_WARN_UNUSED_FUNCTION = YES;
				GCC_WARN_UNUSED_VARIABLE = YES;
				IPHONEOS_DEPLOYMENT_TARGET = 13.2;
				MTL_ENABLE_DEBUG_INFO = INCLUDE_SOURCE;
				MTL_FAST_MATH = YES;
				ONLY_ACTIVE_ARCH = YES;
				SDKROOT = iphoneos;
				SWIFT_ACTIVE_COMPILATION_CONDITIONS = DEBUG;
				SWIFT_OPTIMIZATION_LEVEL = "-Onone";
			};
			name = Debug;
		};
		F4CFE4262468480D00026677 /* Release */ = {
			isa = XCBuildConfiguration;
			buildSettings = {
				ALWAYS_SEARCH_USER_PATHS = NO;
				CLANG_ANALYZER_NONNULL = YES;
				CLANG_ANALYZER_NUMBER_OBJECT_CONVERSION = YES_AGGRESSIVE;
				CLANG_CXX_LANGUAGE_STANDARD = "gnu++14";
				CLANG_CXX_LIBRARY = "libc++";
				CLANG_ENABLE_MODULES = YES;
				CLANG_ENABLE_OBJC_ARC = YES;
				CLANG_ENABLE_OBJC_WEAK = YES;
				CLANG_WARN_BLOCK_CAPTURE_AUTORELEASING = YES;
				CLANG_WARN_BOOL_CONVERSION = YES;
				CLANG_WARN_COMMA = YES;
				CLANG_WARN_CONSTANT_CONVERSION = YES;
				CLANG_WARN_DEPRECATED_OBJC_IMPLEMENTATIONS = YES;
				CLANG_WARN_DIRECT_OBJC_ISA_USAGE = YES_ERROR;
				CLANG_WARN_DOCUMENTATION_COMMENTS = YES;
				CLANG_WARN_EMPTY_BODY = YES;
				CLANG_WARN_ENUM_CONVERSION = YES;
				CLANG_WARN_INFINITE_RECURSION = YES;
				CLANG_WARN_INT_CONVERSION = YES;
				CLANG_WARN_NON_LITERAL_NULL_CONVERSION = YES;
				CLANG_WARN_OBJC_IMPLICIT_RETAIN_SELF = YES;
				CLANG_WARN_OBJC_LITERAL_CONVERSION = YES;
				CLANG_WARN_OBJC_ROOT_CLASS = YES_ERROR;
				CLANG_WARN_RANGE_LOOP_ANALYSIS = YES;
				CLANG_WARN_STRICT_PROTOTYPES = YES;
				CLANG_WARN_SUSPICIOUS_MOVE = YES;
				CLANG_WARN_UNGUARDED_AVAILABILITY = YES_AGGRESSIVE;
				CLANG_WARN_UNREACHABLE_CODE = YES;
				CLANG_WARN__DUPLICATE_METHOD_MATCH = YES;
				COPY_PHASE_STRIP = NO;
				DEBUG_INFORMATION_FORMAT = "dwarf-with-dsym";
				ENABLE_NS_ASSERTIONS = NO;
				ENABLE_STRICT_OBJC_MSGSEND = YES;
				GCC_C_LANGUAGE_STANDARD = gnu11;
				GCC_NO_COMMON_BLOCKS = YES;
				GCC_WARN_64_TO_32_BIT_CONVERSION = YES;
				GCC_WARN_ABOUT_RETURN_TYPE = YES_ERROR;
				GCC_WARN_UNDECLARED_SELECTOR = YES;
				GCC_WARN_UNINITIALIZED_AUTOS = YES_AGGRESSIVE;
				GCC_WARN_UNUSED_FUNCTION = YES;
				GCC_WARN_UNUSED_VARIABLE = YES;
				IPHONEOS_DEPLOYMENT_TARGET = 13.2;
				MTL_ENABLE_DEBUG_INFO = NO;
				MTL_FAST_MATH = YES;
				SDKROOT = iphoneos;
				SWIFT_COMPILATION_MODE = wholemodule;
				SWIFT_OPTIMIZATION_LEVEL = "-O";
				VALIDATE_PRODUCT = YES;
			};
			name = Release;
		};
		F4CFE4282468480D00026677 /* Debug */ = {
			isa = XCBuildConfiguration;
			buildSettings = {
				ASSETCATALOG_COMPILER_APPICON_NAME = AppIcon;
				CODE_SIGN_STYLE = Automatic;
				DEVELOPMENT_TEAM = 829RQCZ275;
				INFOPLIST_FILE = PersonalityQuiz/Info.plist;
				LD_RUNPATH_SEARCH_PATHS = (
					"$(inherited)",
					"@executable_path/Frameworks",
				);
				PRODUCT_BUNDLE_IDENTIFIER = com.vidishanevatia.PersonalityQuiz;
				PRODUCT_NAME = "$(TARGET_NAME)";
				SWIFT_VERSION = 5.0;
				TARGETED_DEVICE_FAMILY = "1,2";
			};
			name = Debug;
		};
		F4CFE4292468480D00026677 /* Release */ = {
			isa = XCBuildConfiguration;
			buildSettings = {
				ASSETCATALOG_COMPILER_APPICON_NAME = AppIcon;
				CODE_SIGN_STYLE = Automatic;
				DEVELOPMENT_TEAM = 829RQCZ275;
				INFOPLIST_FILE = PersonalityQuiz/Info.plist;
				LD_RUNPATH_SEARCH_PATHS = (
					"$(inherited)",
					"@executable_path/Frameworks",
				);
				PRODUCT_BUNDLE_IDENTIFIER = com.vidishanevatia.PersonalityQuiz;
				PRODUCT_NAME = "$(TARGET_NAME)";
				SWIFT_VERSION = 5.0;
				TARGETED_DEVICE_FAMILY = "1,2";
			};
			name = Release;
		};
		F4CFE42B2468480D00026677 /* Debug */ = {
			isa = XCBuildConfiguration;
			buildSettings = {
				ALWAYS_EMBED_SWIFT_STANDARD_LIBRARIES = YES;
				BUNDLE_LOADER = "$(TEST_HOST)";
				CODE_SIGN_STYLE = Automatic;
				DEVELOPMENT_TEAM = 829RQCZ275;
				INFOPLIST_FILE = PersonalityQuizTests/Info.plist;
				IPHONEOS_DEPLOYMENT_TARGET = 13.2;
				LD_RUNPATH_SEARCH_PATHS = (
					"$(inherited)",
					"@executable_path/Frameworks",
					"@loader_path/Frameworks",
				);
				PRODUCT_BUNDLE_IDENTIFIER = com.vidishanevatia.PersonalityQuizTests;
				PRODUCT_NAME = "$(TARGET_NAME)";
				SWIFT_VERSION = 5.0;
				TARGETED_DEVICE_FAMILY = "1,2";
				TEST_HOST = "$(BUILT_PRODUCTS_DIR)/PersonalityQuiz.app/PersonalityQuiz";
			};
			name = Debug;
		};
		F4CFE42C2468480D00026677 /* Release */ = {
			isa = XCBuildConfiguration;
			buildSettings = {
				ALWAYS_EMBED_SWIFT_STANDARD_LIBRARIES = YES;
				BUNDLE_LOADER = "$(TEST_HOST)";
				CODE_SIGN_STYLE = Automatic;
				DEVELOPMENT_TEAM = 829RQCZ275;
				INFOPLIST_FILE = PersonalityQuizTests/Info.plist;
				IPHONEOS_DEPLOYMENT_TARGET = 13.2;
				LD_RUNPATH_SEARCH_PATHS = (
					"$(inherited)",
					"@executable_path/Frameworks",
					"@loader_path/Frameworks",
				);
				PRODUCT_BUNDLE_IDENTIFIER = com.vidishanevatia.PersonalityQuizTests;
				PRODUCT_NAME = "$(TARGET_NAME)";
				SWIFT_VERSION = 5.0;
				TARGETED_DEVICE_FAMILY = "1,2";
				TEST_HOST = "$(BUILT_PRODUCTS_DIR)/PersonalityQuiz.app/PersonalityQuiz";
			};
			name = Release;
		};
		F4CFE42E2468480D00026677 /* Debug */ = {
			isa = XCBuildConfiguration;
			buildSettings = {
				ALWAYS_EMBED_SWIFT_STANDARD_LIBRARIES = YES;
				CODE_SIGN_STYLE = Automatic;
				DEVELOPMENT_TEAM = 829RQCZ275;
				INFOPLIST_FILE = PersonalityQuizUITests/Info.plist;
				LD_RUNPATH_SEARCH_PATHS = (
					"$(inherited)",
					"@executable_path/Frameworks",
					"@loader_path/Frameworks",
				);
				PRODUCT_BUNDLE_IDENTIFIER = com.vidishanevatia.PersonalityQuizUITests;
				PRODUCT_NAME = "$(TARGET_NAME)";
				SWIFT_VERSION = 5.0;
				TARGETED_DEVICE_FAMILY = "1,2";
				TEST_TARGET_NAME = PersonalityQuiz;
			};
			name = Debug;
		};
		F4CFE42F2468480D00026677 /* Release */ = {
			isa = XCBuildConfiguration;
			buildSettings = {
				ALWAYS_EMBED_SWIFT_STANDARD_LIBRARIES = YES;
				CODE_SIGN_STYLE = Automatic;
				DEVELOPMENT_TEAM = 829RQCZ275;
				INFOPLIST_FILE = PersonalityQuizUITests/Info.plist;
				LD_RUNPATH_SEARCH_PATHS = (
					"$(inherited)",
					"@executable_path/Frameworks",
					"@loader_path/Frameworks",
				);
				PRODUCT_BUNDLE_IDENTIFIER = com.vidishanevatia.PersonalityQuizUITests;
				PRODUCT_NAME = "$(TARGET_NAME)";
				SWIFT_VERSION = 5.0;
				TARGETED_DEVICE_FAMILY = "1,2";
				TEST_TARGET_NAME = PersonalityQuiz;
			};
			name = Release;
		};
/* End XCBuildConfiguration section */

/* Begin XCConfigurationList section */
		F4CFE3F82468480900026677 /* Build configuration list for PBXProject "PersonalityQuiz" */ = {
			isa = XCConfigurationList;
			buildConfigurations = (
				F4CFE4252468480D00026677 /* Debug */,
				F4CFE4262468480D00026677 /* Release */,
			);
			defaultConfigurationIsVisible = 0;
			defaultConfigurationName = Release;
		};
		F4CFE4272468480D00026677 /* Build configuration list for PBXNativeTarget "PersonalityQuiz" */ = {
			isa = XCConfigurationList;
			buildConfigurations = (
				F4CFE4282468480D00026677 /* Debug */,
				F4CFE4292468480D00026677 /* Release */,
			);
			defaultConfigurationIsVisible = 0;
			defaultConfigurationName = Release;
		};
		F4CFE42A2468480D00026677 /* Build configuration list for PBXNativeTarget "PersonalityQuizTests" */ = {
			isa = XCConfigurationList;
			buildConfigurations = (
				F4CFE42B2468480D00026677 /* Debug */,
				F4CFE42C2468480D00026677 /* Release */,
			);
			defaultConfigurationIsVisible = 0;
			defaultConfigurationName = Release;
		};
		F4CFE42D2468480D00026677 /* Build configuration list for PBXNativeTarget "PersonalityQuizUITests" */ = {
			isa = XCConfigurationList;
			buildConfigurations = (
				F4CFE42E2468480D00026677 /* Debug */,
				F4CFE42F2468480D00026677 /* Release */,
			);
			defaultConfigurationIsVisible = 0;
			defaultConfigurationName = Release;
		};
/* End XCConfigurationList section */
	};
	rootObject = F4CFE3F52468480900026677 /* Project object */;
}
